
Microsoft Visual Studio Solution File, Format Version 12.00
# Visual Studio Version 17
VisualStudioVersion = 17.14.37027.9
MinimumVisualStudioVersion = 10.0.40219.1
Project("{FAE04EC0-301F-11D3-BF4B-00C04F79EFBC}") = "emlak-son", "emlak-son.csproj", "{C136EF93-E968-410D-916E-57045B7FB7D8}"
EndProject
Project("{FAE04EC0-301F-11D3-BF4B-00C04F79EFBC}") = "EmlakSon.WebUI", "EmlakSon.WebUI\EmlakSon.WebUI.csproj", "{476BD9CA-19F9-470C-A427-C68AFC2FF947}"
EndProject
Global
	GlobalSection(SolutionConfigurationPlatforms) = preSolution
		Debug|Any CPU = Debug|Any CPU
		Debug|x64 = Debug|x64
		Debug|x86 = Debug|x86
		Release|Any CPU = Release|Any CPU
		Release|x64 = Release|x64
		Release|x86 = Release|x86
	EndGlobalSection
	GlobalSection(ProjectConfigurationPlatforms) = postSolution
		{C136EF93-E968-410D-916E-57045B7FB7D8}.Debug|Any CPU.ActiveCfg = Debug|Any CPU
		{C136EF93-E968-410D-916E-57045B7FB7D8}.Debug|Any CPU.Build.0 = Debug|Any CPU
		{C136EF93-E968-410D-916E-57045B7FB7D8}.Debug|x64.ActiveCfg = Debug|Any CPU
		{C136EF93-E968-410D-916E-57045B7FB7D8}.Debug|x64.Build.0 = Debug|Any CPU
		{C136EF93-E968-410D-916E-57045B7FB7D8}.Debug|x86.ActiveCfg = Debug|Any CPU
		{C136EF93-E968-410D-916E-57045B7FB7D8}.Debug|x86.Build.0 = Debug|Any CPU
		{C136EF93-E968-410D-916E-57045B7FB7D8}.Release|Any CPU.ActiveCfg = Release|Any CPU
		{C136EF93-E968-410D-916E-57045B7FB7D8}.Release|Any CPU.Build.0 = Release|Any CPU
		{C136EF93-E968-410D-916E-57045B7FB7D8}.Release|x64.ActiveCfg = Release|Any CPU
		{C136EF93-E968-410D-916E-57045B7FB7D8}.Release|x64.Build.0 = Release|Any CPU
		{C136EF93-E968-410D-916E-57045B7FB7D8}.Release|x86.ActiveCfg = Release|Any CPU
		{C136EF93-E968-410D-916E-57045B7FB7D8}.Release|x86.Build.0 = Release|Any CPU
		{476BD9CA-19F9-470C-A427-C68AFC2FF947}.Debug|Any CPU.ActiveCfg = Debug|Any CPU
		{476BD9CA-19F9-470C-A427-C68AFC2FF947}.Debug|Any CPU.Build.0 = Debug|Any CPU
		{476BD9CA-19F9-470C-A427-C68AFC2FF947}.Debug|x64.ActiveCfg = Debug|Any CPU
		{476BD9CA-19F9-470C-A427-C68AFC2FF947}.Debug|x64.Build.0 = Debug|Any CPU
		{476BD9CA-19F9-470C-A427-C68AFC2FF947}.Debug|x86.ActiveCfg = Debug|Any CPU
		{476BD9CA-19F9-470C-A427-C68AFC2FF947}.Debug|x86.Build.0 = Debug|Any CPU
		{476BD9CA-19F9-470C-A427-C68AFC2FF947}.Release|Any CPU.ActiveCfg = Release|Any CPU
		{476BD9CA-19F9-470C-A427-C68AFC2FF947}.Release|Any CPU.Build.0 = Release|Any CPU
		{476BD9CA-19F9-470C-A427-C68AFC2FF947}.Release|x64.ActiveCfg = Release|Any CPU
		{476BD9CA-19F9-470C-A427-C68AFC2FF947}.Release|x64.Build.0 = Release|Any CPU
		{476BD9CA-19F9-470C-A427-C68AFC2FF947}.Release|x86.ActiveCfg = Release|Any CPU
		{476BD9CA-19F9-470C-A427-C68AFC2FF947}.Release|x86.Build.0 = Release|Any CPU
	EndGlobalSection
	GlobalSection(SolutionProperties) = preSolution
		HideSolutionNode = FALSE
	EndGlobalSection
	GlobalSection(ExtensibilityGlobals) = postSolution
		SolutionGuid = {DE370968-4942-4499-830D-82ECC26A29E9}
	EndGlobalSection
EndGlobal
